PODS:
  - Aspects (1.4.1)
  - SFEmptyBackButton (0.1.0):
    - Aspects (~> 1.4)

DEPENDENCIES:
  - SFEmptyBackButton (from `../`)

EXTERNAL SOURCES:
  SFEmptyBackButton:
    :path: "../"

SPEC CHECKSUMS:
  Aspects: 7595ba96a6727a58ebcbfc954497fc5d2fdde546
  SFEmptyBackButton: 743bc92f1fb70493be6a3c199a4cac54dd7eab97

COCOAPODS: 0.39.0
