PODS:
  - Aspects (1.4.1)
  - SFEmptyBackButton (1.0.0):
    - Aspects (~> 1.4)

DEPENDENCIES:
  - SFEmptyBackButton (from `../`)

EXTERNAL SOURCES:
  SFEmptyBackButton:
    :path: "../"

SPEC CHECKSUMS:
  Aspects: 7595ba96a6727a58ebcbfc954497fc5d2fdde546
  SFEmptyBackButton: 5c944bb5028e68b7cdca3cb70767ee2d6a7a64a4

COCOAPODS: 0.39.0
