// !$*UTF8*$!
{
	archiveVersion = 1;
	classes = {
	};
	objectVersion = 46;
	objects = {

/* Begin PBXBuildFile section */
		E74D9E861EB8FE09000EE828 /* Aspects.framework in Frameworks */ = {isa = PBXBuildFile; fileRef = E74D9E851EB8FE09000EE828 /* Aspects.framework */; };
		E78776461C1DC6FF0035201D /* SFEmptyBackButton.h in Headers */ = {isa = PBXBuildFile; fileRef = E78776451C1DC6FF0035201D /* SFEmptyBackButton.h */; settings = {ATTRIBUTES = (Public, ); }; };
		E787765D1C1DD2670035201D /* SFEmptyBackButton.m in Sources */ = {isa = PBXBuildFile; fileRef = E787765C1C1DD2670035201D /* SFEmptyBackButton.m */; };
		E7E5C1381C3C214500FE2623 /* Tests.m in Sources */ = {isa = PBXBuildFile; fileRef = E7E5C1371C3C214500FE2623 /* Tests.m */; };
		E7E5C13A1C3C214500FE2623 /* SFEmptyBackButton.framework in Frameworks */ = {isa = PBXBuildFile; fileRef = E78776421C1DC6FF0035201D /* SFEmptyBackButton.framework */; };
		E7E5C1421C3C216000FE2623 /* SFViewController.m in Sources */ = {isa = PBXBuildFile; fileRef = E7E5C1411C3C216000FE2623 /* SFViewController.m */; };
		E7EC7DFA1EB8FFC400A9F566 /* Aspects.framework in Copy Frameworks */ = {isa = PBXBuildFile; fileRef = E74D9E851EB8FE09000EE828 /* Aspects.framework */; settings = {ATTRIBUTES = (CodeSignOnCopy, RemoveHeadersOnCopy, ); }; };
/* End PBXBuildFile section */

/* Begin PBXContainerItemProxy section */
		E7E5C13B1C3C214500FE2623 /* PBXContainerItemProxy */ = {
			isa = PBXContainerItemProxy;
			containerPortal = E78776391C1DC6FF0035201D /* Project object */;
			proxyType = 1;
			remoteGlobalIDString = E78776411C1DC6FF0035201D;
			remoteInfo = SFEmptyBackButton;
		};
/* End PBXContainerItemProxy section */

/* Begin PBXCopyFilesBuildPhase section */
		E7E5C1471C3C229700FE2623 /* Copy Frameworks */ = {
			isa = PBXCopyFilesBuildPhase;
			buildActionMask = 2147483647;
			dstPath = "";
			dstSubfolderSpec = 10;
			files = (
				E7EC7DFA1EB8FFC400A9F566 /* Aspects.framework in Copy Frameworks */,
			);
			name = "Copy Frameworks";
			runOnlyForDeploymentPostprocessing = 0;
		};
/* End PBXCopyFilesBuildPhase section */

/* Begin PBXFileReference section */
		E74D9E7F1EB8FD86000EE828 /* Common.xcconfig */ = {isa = PBXFileReference; lastKnownFileType = text.xcconfig; path = Common.xcconfig; sourceTree = "<group>"; };
		E74D9E811EB8FD86000EE828 /* Debug.xcconfig */ = {isa = PBXFileReference; lastKnownFileType = text.xcconfig; path = Debug.xcconfig; sourceTree = "<group>"; };
		E74D9E821EB8FD86000EE828 /* Release.xcconfig */ = {isa = PBXFileReference; lastKnownFileType = text.xcconfig; path = Release.xcconfig; sourceTree = "<group>"; };
		E74D9E831EB8FD86000EE828 /* Framework.xcconfig */ = {isa = PBXFileReference; lastKnownFileType = text.xcconfig; path = Framework.xcconfig; sourceTree = "<group>"; };
		E74D9E851EB8FE09000EE828 /* Aspects.framework */ = {isa = PBXFileReference; lastKnownFileType = wrapper.framework; name = Aspects.framework; path = Carthage/Build/iOS/Aspects.framework; sourceTree = "<group>"; };
		E78776421C1DC6FF0035201D /* SFEmptyBackButton.framework */ = {isa = PBXFileReference; explicitFileType = wrapper.framework; includeInIndex = 0; path = SFEmptyBackButton.framework; sourceTree = BUILT_PRODUCTS_DIR; };
		E78776451C1DC6FF0035201D /* SFEmptyBackButton.h */ = {isa = PBXFileReference; lastKnownFileType = sourcecode.c.h; path = SFEmptyBackButton.h; sourceTree = "<group>"; };
		E78776471C1DC6FF0035201D /* Info.plist */ = {isa = PBXFileReference; lastKnownFileType = text.plist.xml; path = Info.plist; sourceTree = "<group>"; };
		E787765C1C1DD2670035201D /* SFEmptyBackButton.m */ = {isa = PBXFileReference; fileEncoding = 4; lastKnownFileType = sourcecode.c.objc; path = SFEmptyBackButton.m; sourceTree = "<group>"; };
		E7E5C1351C3C214500FE2623 /* Tests.xctest */ = {isa = PBXFileReference; explicitFileType = wrapper.cfbundle; includeInIndex = 0; path = Tests.xctest; sourceTree = BUILT_PRODUCTS_DIR; };
		E7E5C1371C3C214500FE2623 /* Tests.m */ = {isa = PBXFileReference; lastKnownFileType = sourcecode.c.objc; path = Tests.m; sourceTree = "<group>"; };
		E7E5C1391C3C214500FE2623 /* Info.plist */ = {isa = PBXFileReference; lastKnownFileType = text.plist.xml; path = Info.plist; sourceTree = "<group>"; };
		E7E5C1401C3C216000FE2623 /* SFViewController.h */ = {isa = PBXFileReference; fileEncoding = 4; lastKnownFileType = sourcecode.c.h; path = SFViewController.h; sourceTree = "<group>"; };
		E7E5C1411C3C216000FE2623 /* SFViewController.m */ = {isa = PBXFileReference; fileEncoding = 4; lastKnownFileType = sourcecode.c.objc; path = SFViewController.m; sourceTree = "<group>"; };
/* End PBXFileReference section */

/* Begin PBXFrameworksBuildPhase section */
		E787763E1C1DC6FF0035201D /* Frameworks */ = {
			isa = PBXFrameworksBuildPhase;
			buildActionMask = 2147483647;
			files = (
				E74D9E861EB8FE09000EE828 /* Aspects.framework in Frameworks */,
			);
			runOnlyForDeploymentPostprocessing = 0;
		};
		E7E5C1321C3C214500FE2623 /* Frameworks */ = {
			isa = PBXFrameworksBuildPhase;
			buildActionMask = 2147483647;
			files = (
				E7E5C13A1C3C214500FE2623 /* SFEmptyBackButton.framework in Frameworks */,
			);
			runOnlyForDeploymentPostprocessing = 0;
		};
/* End PBXFrameworksBuildPhase section */

/* Begin PBXGroup section */
		E74D9E7E1EB8FD86000EE828 /* Configuration */ = {
			isa = PBXGroup;
			children = (
				E74D9E7F1EB8FD86000EE828 /* Common.xcconfig */,
				E74D9E801EB8FD86000EE828 /* Environments */,
				E74D9E831EB8FD86000EE828 /* Framework.xcconfig */,
			);
			path = Configuration;
			sourceTree = "<group>";
		};
		E74D9E801EB8FD86000EE828 /* Environments */ = {
			isa = PBXGroup;
			children = (
				E74D9E811EB8FD86000EE828 /* Debug.xcconfig */,
				E74D9E821EB8FD86000EE828 /* Release.xcconfig */,
			);
			path = Environments;
			sourceTree = "<group>";
		};
		E74D9E841EB8FE09000EE828 /* Frameworks */ = {
			isa = PBXGroup;
			children = (
				E74D9E851EB8FE09000EE828 /* Aspects.framework */,
			);
			name = Frameworks;
			sourceTree = "<group>";
		};
		E78776381C1DC6FF0035201D = {
			isa = PBXGroup;
			children = (
				E78776441C1DC6FF0035201D /* Source */,
				E74D9E7E1EB8FD86000EE828 /* Configuration */,
				E7E5C1361C3C214500FE2623 /* Tests */,
				E78776431C1DC6FF0035201D /* Products */,
				E74D9E841EB8FE09000EE828 /* Frameworks */,
			);
			sourceTree = "<group>";
		};
		E78776431C1DC6FF0035201D /* Products */ = {
			isa = PBXGroup;
			children = (
				E78776421C1DC6FF0035201D /* SFEmptyBackButton.framework */,
				E7E5C1351C3C214500FE2623 /* Tests.xctest */,
			);
			name = Products;
			sourceTree = "<group>";
		};
		E78776441C1DC6FF0035201D /* Source */ = {
			isa = PBXGroup;
			children = (
				E78776451C1DC6FF0035201D /* SFEmptyBackButton.h */,
				E787765C1C1DD2670035201D /* SFEmptyBackButton.m */,
				E78776471C1DC6FF0035201D /* Info.plist */,
			);
			path = Source;
			sourceTree = "<group>";
		};
		E7E5C1361C3C214500FE2623 /* Tests */ = {
			isa = PBXGroup;
			children = (
				E7E5C1371C3C214500FE2623 /* Tests.m */,
				E7E5C1391C3C214500FE2623 /* Info.plist */,
				E7E5C1401C3C216000FE2623 /* SFViewController.h */,
				E7E5C1411C3C216000FE2623 /* SFViewController.m */,
			);
			path = Tests;
			sourceTree = "<group>";
		};
/* End PBXGroup section */

/* Begin PBXHeadersBuildPhase section */
		E787763F1C1DC6FF0035201D /* Headers */ = {
			isa = PBXHeadersBuildPhase;
			buildActionMask = 2147483647;
			files = (
				E78776461C1DC6FF0035201D /* SFEmptyBackButton.h in Headers */,
			);
			runOnlyForDeploymentPostprocessing = 0;
		};
/* End PBXHeadersBuildPhase section */

/* Begin PBXNativeTarget section */
		E78776411C1DC6FF0035201D /* SFEmptyBackButton */ = {
			isa = PBXNativeTarget;
			buildConfigurationList = E78776561C1DC6FF0035201D /* Build configuration list for PBXNativeTarget "SFEmptyBackButton" */;
			buildPhases = (
				E787763D1C1DC6FF0035201D /* Sources */,
				E787763E1C1DC6FF0035201D /* Frameworks */,
				E787763F1C1DC6FF0035201D /* Headers */,
				E78776401C1DC6FF0035201D /* Resources */,
			);
			buildRules = (
			);
			dependencies = (
			);
			name = SFEmptyBackButton;
			productName = SFEmptyBackButton;
			productReference = E78776421C1DC6FF0035201D /* SFEmptyBackButton.framework */;
			productType = "com.apple.product-type.framework";
		};
		E7E5C1341C3C214500FE2623 /* Tests */ = {
			isa = PBXNativeTarget;
			buildConfigurationList = E7E5C13F1C3C214500FE2623 /* Build configuration list for PBXNativeTarget "Tests" */;
			buildPhases = (
				E7E5C1311C3C214500FE2623 /* Sources */,
				E7E5C1321C3C214500FE2623 /* Frameworks */,
				E7E5C1331C3C214500FE2623 /* Resources */,
				E7E5C1471C3C229700FE2623 /* Copy Frameworks */,
			);
			buildRules = (
			);
			dependencies = (
				E7E5C13C1C3C214500FE2623 /* PBXTargetDependency */,
			);
			name = Tests;
			productName = Tests;
			productReference = E7E5C1351C3C214500FE2623 /* Tests.xctest */;
			productType = "com.apple.product-type.bundle.unit-test";
		};
/* End PBXNativeTarget section */

/* Begin PBXProject section */
		E78776391C1DC6FF0035201D /* Project object */ = {
			isa = PBXProject;
			attributes = {
				LastUpgradeCheck = 0720;
				ORGANIZATIONNAME = fdzsergio;
				TargetAttributes = {
					E78776411C1DC6FF0035201D = {
						CreatedOnToolsVersion = 7.2;
					};
					E7E5C1341C3C214500FE2623 = {
						CreatedOnToolsVersion = 7.2;
						ProvisioningStyle = Manual;
					};
				};
			};
			buildConfigurationList = E787763C1C1DC6FF0035201D /* Build configuration list for PBXProject "SFEmptyBackButton" */;
			compatibilityVersion = "Xcode 3.2";
			developmentRegion = English;
			hasScannedForEncodings = 0;
			knownRegions = (
				en,
			);
			mainGroup = E78776381C1DC6FF0035201D;
			productRefGroup = E78776431C1DC6FF0035201D /* Products */;
			projectDirPath = "";
			projectRoot = "";
			targets = (
				E78776411C1DC6FF0035201D /* SFEmptyBackButton */,
				E7E5C1341C3C214500FE2623 /* Tests */,
			);
		};
/* End PBXProject section */

/* Begin PBXResourcesBuildPhase section */
		E78776401C1DC6FF0035201D /* Resources */ = {
			isa = PBXResourcesBuildPhase;
			buildActionMask = 2147483647;
			files = (
			);
			runOnlyForDeploymentPostprocessing = 0;
		};
		E7E5C1331C3C214500FE2623 /* Resources */ = {
			isa = PBXResourcesBuildPhase;
			buildActionMask = 2147483647;
			files = (
			);
			runOnlyForDeploymentPostprocessing = 0;
		};
/* End PBXResourcesBuildPhase section */

/* Begin PBXSourcesBuildPhase section */
		E787763D1C1DC6FF0035201D /* Sources */ = {
			isa = PBXSourcesBuildPhase;
			buildActionMask = 2147483647;
			files = (
				E787765D1C1DD2670035201D /* SFEmptyBackButton.m in Sources */,
			);
			runOnlyForDeploymentPostprocessing = 0;
		};
		E7E5C1311C3C214500FE2623 /* Sources */ = {
			isa = PBXSourcesBuildPhase;
			buildActionMask = 2147483647;
			files = (
				E7E5C1381C3C214500FE2623 /* Tests.m in Sources */,
				E7E5C1421C3C216000FE2623 /* SFViewController.m in Sources */,
			);
			runOnlyForDeploymentPostprocessing = 0;
		};
/* End PBXSourcesBuildPhase section */

/* Begin PBXTargetDependency section */
		E7E5C13C1C3C214500FE2623 /* PBXTargetDependency */ = {
			isa = PBXTargetDependency;
			target = E78776411C1DC6FF0035201D /* SFEmptyBackButton */;
			targetProxy = E7E5C13B1C3C214500FE2623 /* PBXContainerItemProxy */;
		};
/* End PBXTargetDependency section */

/* Begin XCBuildConfiguration section */
		E78776541C1DC6FF0035201D /* Debug */ = {
			isa = XCBuildConfiguration;
			baseConfigurationReference = E74D9E811EB8FD86000EE828 /* Debug.xcconfig */;
			buildSettings = {
				IPHONEOS_DEPLOYMENT_TARGET = 8.0;
				SDKROOT = iphoneos;
			};
			name = Debug;
		};
		E78776551C1DC6FF0035201D /* Release */ = {
			isa = XCBuildConfiguration;
			baseConfigurationReference = E74D9E821EB8FD86000EE828 /* Release.xcconfig */;
			buildSettings = {
				IPHONEOS_DEPLOYMENT_TARGET = 8.0;
				SDKROOT = iphoneos;
			};
			name = Release;
		};
		E78776571C1DC6FF0035201D /* Debug */ = {
			isa = XCBuildConfiguration;
			buildSettings = {
				INFOPLIST_FILE = Source/Info.plist;
				PRODUCT_BUNDLE_IDENTIFIER = com.fdzsergio.SFEmptyBackButton;
				PRODUCT_NAME = "$(TARGET_NAME)";
			};
			name = Debug;
		};
		E78776581C1DC6FF0035201D /* Release */ = {
			isa = XCBuildConfiguration;
			buildSettings = {
				INFOPLIST_FILE = Source/Info.plist;
				PRODUCT_BUNDLE_IDENTIFIER = com.fdzsergio.SFEmptyBackButton;
				PRODUCT_NAME = "$(TARGET_NAME)";
			};
			name = Release;
		};
		E7E5C13D1C3C214500FE2623 /* Debug */ = {
			isa = XCBuildConfiguration;
			buildSettings = {
				INFOPLIST_FILE = Tests/Info.plist;
				PRODUCT_BUNDLE_IDENTIFIER = com.fdzsergio.Tests;
				PRODUCT_NAME = "$(TARGET_NAME)";
			};
			name = Debug;
		};
		E7E5C13E1C3C214500FE2623 /* Release */ = {
			isa = XCBuildConfiguration;
			buildSettings = {
				INFOPLIST_FILE = Tests/Info.plist;
				PRODUCT_BUNDLE_IDENTIFIER = com.fdzsergio.Tests;
				PRODUCT_NAME = "$(TARGET_NAME)";
			};
			name = Release;
		};
/* End XCBuildConfiguration section */

/* Begin XCConfigurationList section */
		E787763C1C1DC6FF0035201D /* Build configuration list for PBXProject "SFEmptyBackButton" */ = {
			isa = XCConfigurationList;
			buildConfigurations = (
				E78776541C1DC6FF0035201D /* Debug */,
				E78776551C1DC6FF0035201D /* Release */,
			);
			defaultConfigurationIsVisible = 0;
			defaultConfigurationName = Release;
		};
		E78776561C1DC6FF0035201D /* Build configuration list for PBXNativeTarget "SFEmptyBackButton" */ = {
			isa = XCConfigurationList;
			buildConfigurations = (
				E78776571C1DC6FF0035201D /* Debug */,
				E78776581C1DC6FF0035201D /* Release */,
			);
			defaultConfigurationIsVisible = 0;
			defaultConfigurationName = Release;
		};
		E7E5C13F1C3C214500FE2623 /* Build configuration list for PBXNativeTarget "Tests" */ = {
			isa = XCConfigurationList;
			buildConfigurations = (
				E7E5C13D1C3C214500FE2623 /* Debug */,
				E7E5C13E1C3C214500FE2623 /* Release */,
			);
			defaultConfigurationIsVisible = 0;
			defaultConfigurationName = Release;
		};
/* End XCConfigurationList section */
	};
	rootObject = E78776391C1DC6FF0035201D /* Project object */;
}
